<?xml version="1.0" encoding="utf-8"?>
<Project ToolsVersion="4.0" xmlns="http://schemas.microsoft.com/developer/msbuild/2003">
  <ItemGroup>
    <Filter Include="소스 파일">
      <UniqueIdentifier>{4FC737F1-C7A5-4376-A066-2A32D752A2FF}</UniqueIdentifier>
      <Extensions>cpp;c;cc;cxx;c++;cppm;ixx;def;odl;idl;hpj;bat;asm;asmx</Extensions>
    </Filter>
    <Filter Include="헤더 파일">
      <UniqueIdentifier>{93995380-89BD-4b04-88EB-625FBE52EBFB}</UniqueIdentifier>
      <Extensions>h;hh;hpp;hxx;h++;hm;inl;inc;ipp;xsd</Extensions>
    </Filter>
    <Filter Include="리소스 파일">
      <UniqueIdentifier>{67DA6AB6-F800-4c08-8B7A-83BB121AAD01}</UniqueIdentifier>
      <Extensions>rc;ico;cur;bmp;dlg;rc2;rct;bin;rgs;gif;jpg;jpeg;jpe;resx;tiff;tif;png;wav;mfcribbon-ms</Extensions>
    </Filter>
  </ItemGroup>
  <ItemGroup>
    <ClInclude Include="NoSpear_Client.h">
      <Filter>헤더 파일</Filter>
    </ClInclude>
    <ClInclude Include="NoSpear_ClientDlg.h">
      <Filter>헤더 파일</Filter>
    </ClInclude>
    <ClInclude Include="framework.h">
      <Filter>헤더 파일</Filter>
    </ClInclude>
    <ClInclude Include="targetver.h">
      <Filter>헤더 파일</Filter>
    </ClInclude>
    <ClInclude Include="Resource.h">
      <Filter>헤더 파일</Filter>
    </ClInclude>
    <ClInclude Include="pch.h">
      <Filter>헤더 파일</Filter>
    </ClInclude>
    <ClInclude Include="NOSPEAR.h">
      <Filter>헤더 파일</Filter>
    </ClInclude>
    <ClInclude Include="NOSPEAR_FILE.h">
      <Filter>헤더 파일</Filter>
    </ClInclude>
    <ClInclude Include="sha256.h">
      <Filter>헤더 파일</Filter>
    </ClInclude>
    <ClInclude Include="documentValidate.h">
      <Filter>헤더 파일</Filter>
    </ClInclude>
    <ClInclude Include="LIVEPROTECT.h">
      <Filter>헤더 파일</Filter>
    </ClInclude>
    <ClInclude Include="FILELISTVIEWER.h">
      <Filter>헤더 파일</Filter>
    </ClInclude>
    <ClInclude Include="sqlite3.h">
      <Filter>헤더 파일</Filter>
    </ClInclude>
    <ClInclude Include="SQLITE.h">
      <Filter>헤더 파일</Filter>
    </ClInclude>
    <ClInclude Include="MainView.h">
      <Filter>헤더 파일</Filter>
    </ClInclude>
    <ClInclude Include="SettingView.h">
      <Filter>헤더 파일</Filter>
    </ClInclude>
    <ClInclude Include="AutoUpdate.h">
      <Filter>헤더 파일</Filter>
    </ClInclude>
    <ClInclude Include="QuarantineView.h">
      <Filter>헤더 파일</Filter>
    </ClInclude>
  </ItemGroup>
  <ItemGroup>
    <ClCompile Include="NoSpear_Client.cpp">
      <Filter>소스 파일</Filter>
    </ClCompile>
    <ClCompile Include="NoSpear_ClientDlg.cpp">
      <Filter>소스 파일</Filter>
    </ClCompile>
    <ClCompile Include="pch.cpp">
      <Filter>소스 파일</Filter>
    </ClCompile>
    <ClCompile Include="NOSPEAR.cpp">
      <Filter>소스 파일</Filter>
    </ClCompile>
    <ClCompile Include="NOSPEAR_FILE.cpp">
      <Filter>소스 파일</Filter>
    </ClCompile>
    <ClCompile Include="sha256.cpp">
      <Filter>소스 파일</Filter>
    </ClCompile>
    <ClCompile Include="documentValidate.cpp">
      <Filter>소스 파일</Filter>
    </ClCompile>
    <ClCompile Include="LIVEPROTECT.cpp">
      <Filter>소스 파일</Filter>
    </ClCompile>
    <ClCompile Include="FILELISTVIEWER.cpp">
      <Filter>소스 파일</Filter>
    </ClCompile>
    <ClCompile Include="SQLITE.cpp">
      <Filter>소스 파일</Filter>
    </ClCompile>
    <ClCompile Include="MainView.cpp">
      <Filter>소스 파일</Filter>
    </ClCompile>
    <ClCompile Include="SettingView.cpp">
      <Filter>소스 파일</Filter>
    </ClCompile>
    <ClCompile Include="AutoUpdate.cpp">
      <Filter>소스 파일</Filter>
    </ClCompile>
    <ClCompile Include="QuarantineView.cpp">
      <Filter>소스 파일</Filter>
    </ClCompile>
  </ItemGroup>
  <ItemGroup>
    <ResourceCompile Include="NoSpearClient.rc">
      <Filter>리소스 파일</Filter>
    </ResourceCompile>
  </ItemGroup>
  <ItemGroup>
    <None Include="res\NoSpearClient.rc2">
      <Filter>리소스 파일</Filter>
    </None>
  </ItemGroup>
  <ItemGroup>
    <Image Include="res\NoSpear.ico">
      <Filter>리소스 파일</Filter>
    </Image>
    <Image Include="..\..\개발\아이콘\icons8-microsoft-powerpoint-2019-240.ico">
      <Filter>리소스 파일</Filter>
    </Image>
    <Image Include="res\icons8-microsoft-excel-2019-240.ico">
      <Filter>리소스 파일</Filter>
    </Image>
    <Image Include="res\icons8-microsoft-powerpoint-2019-240.ico">
      <Filter>리소스 파일</Filter>
    </Image>
    <Image Include="res\icons8-microsoft-word-2019-240.ico">
      <Filter>리소스 파일</Filter>
    </Image>
    <Image Include="res\6fbb592aeb02709e0e8c51f809b6614e999eea5ee51f2e1d2006a6ed2cca31bd970b7a977f126bfca350e35be6c76cf8cc34.ico">
      <Filter>리소스 파일</Filter>
    </Image>
    <Image Include="res\acrobat-reader.ico">
      <Filter>리소스 파일</Filter>
    </Image>
    <Image Include="res\8684047_folder_file_document_reload_refresh_icon.ico">
      <Filter>리소스 파일</Filter>
    </Image>
    <Image Include="res\186390_refresh_sync_icon.ico">
      <Filter>리소스 파일</Filter>
    </Image>
    <Image Include="res\icons8-microsoft-word-2019-240.bmp">
      <Filter>리소스 파일</Filter>
    </Image>
    <Image Include="res\icons8-microsoft-excel-2019-240.bmp">
      <Filter>리소스 파일</Filter>
    </Image>
    <Image Include="res\icons8-microsoft-powerpoint-2019-240.bmp">
      <Filter>리소스 파일</Filter>
    </Image>
    <Image Include="res\icons8-microsoft-powerpoint-2019-240 (1).ico">
      <Filter>리소스 파일</Filter>
    </Image>
    <Image Include="res\icons8-microsoft-word-2019-240 (1).ico">
      <Filter>리소스 파일</Filter>
    </Image>
    <Image Include="res\icons8-microsoft-excel-2019-240 (1).ico">
      <Filter>리소스 파일</Filter>
    </Image>
    <Image Include="res\2931150_building_home_homepage_house_architecture_icon.ico">
      <Filter>리소스 파일</Filter>
    </Image>
    <Image Include="res\2931152_adjust_control_gear_settings_setup_icon.ico">
      <Filter>리소스 파일</Filter>
    </Image>
    <Image Include="res\2931145_bullet_list_menu_note_playlist_icon.ico">
      <Filter>리소스 파일</Filter>
    </Image>
    <Image Include="res\2931167_doc_document_file_sheet_text_icon.ico">
      <Filter>리소스 파일</Filter>
    </Image>
    <Image Include="res\4894514_data_download_cloud_ui_interface_icon.ico">
      <Filter>리소스 파일</Filter>
    </Image>
    <Image Include="res\4567745_app_file_interface_internet_page_icon.ico">
      <Filter>리소스 파일</Filter>
    </Image>
    <Image Include="res\5172979_engine_gear_internet_option_security_icon.ico">
      <Filter>리소스 파일</Filter>
    </Image>
    <Image Include="res\5172965_data_hosting_information_internet_security_icon.ico">
      <Filter>리소스 파일</Filter>
    </Image>
    <Image Include="res\5172998_bug_danger_internet_malware_search_icon.ico">
      <Filter>리소스 파일</Filter>
    </Image>
    <Image Include="res\314709_document_scan_icon.ico">
      <Filter>리소스 파일</Filter>
    </Image>
    <Image Include="res\314678_folder_search_icon.ico">
      <Filter>리소스 파일</Filter>
    </Image>
    <Image Include="res\5172964_danger_internet_malware_security_virus_icon.ico">
      <Filter>리소스 파일</Filter>
    </Image>
    <Image Include="res\5172947_browser_internet_safe_security_shield_icon.ico">
      <Filter>리소스 파일</Filter>
    </Image>
    <Image Include="res\nospear_logo.bmp">
      <Filter>리소스 파일</Filter>
    </Image>
    <Image Include="res\5172964_danger_internet_malware_security_virus_icon (1).ico">
      <Filter>리소스 파일</Filter>
    </Image>
    <Image Include="res\8725963_file_search_alt_icon.ico">
      <Filter>리소스 파일</Filter>
    </Image>
    <Image Include="res\8726193_redo_icon.ico">
      <Filter>리소스 파일</Filter>
    </Image>
    <Image Include="res\5172973_arrow_entrance_in_internet_log_icon.ico">
      <Filter>리소스 파일</Filter>
    </Image>
    <Image Include="res\5173025_clock_date_internet_refresh_reload_icon.ico">
      <Filter>리소스 파일</Filter>
    </Image>
  </ItemGroup>
</Project>